
Microsoft Visual Studio Solution File, Format Version 12.00
# Visual Studio 15
VisualStudioVersion = 15.0.28307.1082
MinimumVisualStudioVersion = 10.0.40219.1
Project("{8BC9CEB8-8B4A-11D0-8D11-00A0C91BC942}") = "Exam", "Exam\Exam.vcxproj", "{F0063664-C953-48FA-910C-623D5C9A0437}"
EndProject
Global
	GlobalSection(SolutionConfigurationPlatforms) = preSolution
		Debug|x64 = Debug|x64
		Debug|x86 = Debug|x86
		Release|x64 = Release|x64
		Release|x86 = Release|x86
	EndGlobalSection
	GlobalSection(ProjectConfigurationPlatforms) = postSolution
		{F0063664-C953-48FA-910C-623D5C9A0437}.Debug|x64.ActiveCfg = Debug|x64
		{F0063664-C953-48FA-910C-623D5C9A0437}.Debug|x64.Build.0 = Debug|x64
		{F0063664-C953-48FA-910C-623D5C9A0437}.Debug|x86.ActiveCfg = Debug|Win32
		{F0063664-C953-48FA-910C-623D5C9A0437}.Debug|x86.Build.0 = Debug|Win32
		{F0063664-C953-48FA-910C-623D5C9A0437}.Release|x64.ActiveCfg = Release|x64
		{F0063664-C953-48FA-910C-623D5C9A0437}.Release|x64.Build.0 = Release|x64
		{F0063664-C953-48FA-910C-623D5C9A0437}.Release|x86.ActiveCfg = Release|Win32
		{F0063664-C953-48FA-910C-623D5C9A0437}.Release|x86.Build.0 = Release|Win32
	EndGlobalSection
	GlobalSection(SolutionProperties) = preSolution
		HideSolutionNode = FALSE
	EndGlobalSection
	GlobalSection(ExtensibilityGlobals) = postSolution
		SolutionGuid = {BB695177-AE3E-4273-A151-D8A8450CD97F}
	EndGlobalSection
EndGlobal
