
Microsoft Visual Studio Solution File, Format Version 12.00
# Visual Studio 15
VisualStudioVersion = 15.0.28307.1082
MinimumVisualStudioVersion = 10.0.40219.1
Project("{8BC9CEB8-8B4A-11D0-8D11-00A0C91BC942}") = "DynamicMemory", "DynamicMemory\DynamicMemory.vcxproj", "{38331C00-CA33-4C99-9050-D00AD365501D}"
EndProject
Project("{8BC9CEB8-8B4A-11D0-8D11-00A0C91BC942}") = "HomeWork", "HomeWork\HomeWork.vcxproj", "{F240A827-301A-4E9A-9613-A6C62ADE7414}"
EndProject
Global
	GlobalSection(SolutionConfigurationPlatforms) = preSolution
		Debug|x64 = Debug|x64
		Debug|x86 = Debug|x86
		Release|x64 = Release|x64
		Release|x86 = Release|x86
	EndGlobalSection
	GlobalSection(ProjectConfigurationPlatforms) = postSolution
		{38331C00-CA33-4C99-9050-D00AD365501D}.Debug|x64.ActiveCfg = Debug|x64
		{38331C00-CA33-4C99-9050-D00AD365501D}.Debug|x64.Build.0 = Debug|x64
		{38331C00-CA33-4C99-9050-D00AD365501D}.Debug|x86.ActiveCfg = Debug|Win32
		{38331C00-CA33-4C99-9050-D00AD365501D}.Debug|x86.Build.0 = Debug|Win32
		{38331C00-CA33-4C99-9050-D00AD365501D}.Release|x64.ActiveCfg = Release|x64
		{38331C00-CA33-4C99-9050-D00AD365501D}.Release|x64.Build.0 = Release|x64
		{38331C00-CA33-4C99-9050-D00AD365501D}.Release|x86.ActiveCfg = Release|Win32
		{38331C00-CA33-4C99-9050-D00AD365501D}.Release|x86.Build.0 = Release|Win32
		{F240A827-301A-4E9A-9613-A6C62ADE7414}.Debug|x64.ActiveCfg = Debug|x64
		{F240A827-301A-4E9A-9613-A6C62ADE7414}.Debug|x64.Build.0 = Debug|x64
		{F240A827-301A-4E9A-9613-A6C62ADE7414}.Debug|x86.ActiveCfg = Debug|Win32
		{F240A827-301A-4E9A-9613-A6C62ADE7414}.Debug|x86.Build.0 = Debug|Win32
		{F240A827-301A-4E9A-9613-A6C62ADE7414}.Release|x64.ActiveCfg = Release|x64
		{F240A827-301A-4E9A-9613-A6C62ADE7414}.Release|x64.Build.0 = Release|x64
		{F240A827-301A-4E9A-9613-A6C62ADE7414}.Release|x86.ActiveCfg = Release|Win32
		{F240A827-301A-4E9A-9613-A6C62ADE7414}.Release|x86.Build.0 = Release|Win32
	EndGlobalSection
	GlobalSection(SolutionProperties) = preSolution
		HideSolutionNode = FALSE
	EndGlobalSection
	GlobalSection(ExtensibilityGlobals) = postSolution
		SolutionGuid = {BB511D96-8AE8-4357-9BEF-5FD9C2D4528E}
	EndGlobalSection
EndGlobal
